
Microsoft Visual Studio Solution File, Format Version 12.00
# Visual Studio 15
Project("{FAE04EC0-301F-11D3-BF4B-00C04F79EFBC}") = "UnityEngine.UI", "UnityEngine.UI.csproj", "{266891CA-49A0-3CB8-587C-FA4B5CFF7F8B}"
EndProject
Project("{FAE04EC0-301F-11D3-BF4B-00C04F79EFBC}") = "Mirror", "Mirror.csproj", "{EEA47741-1F32-AAB5-21DE-6D3502D6544D}"
EndProject
Project("{FAE04EC0-301F-11D3-BF4B-00C04F79EFBC}") = "UnityEngine.TestRunner", "UnityEngine.TestRunner.csproj", "{2A4D5531-09BC-A09C-A617-E15BDF8A3BB9}"
EndProject
Project("{FAE04EC0-301F-11D3-BF4B-00C04F79EFBC}") = "Unity.InputSystem", "Unity.InputSystem.csproj", "{83559FDE-23FA-B6B8-0CA0-D5867418DC5B}"
EndProject
Project("{FAE04EC0-301F-11D3-BF4B-00C04F79EFBC}") = "Mirror.Components", "Mirror.Components.csproj", "{FF92C88E-88FA-0BE2-66CE-387370996111}"
EndProject
Project("{FAE04EC0-301F-11D3-BF4B-00C04F79EFBC}") = "SimpleWebTransport", "SimpleWebTransport.csproj", "{70D0714D-FDAA-FC4B-E6F4-B96A265EF24D}"
EndProject
Project("{FAE04EC0-301F-11D3-BF4B-00C04F79EFBC}") = "Unity.Timeline", "Unity.Timeline.csproj", "{7B67C68A-7E97-08A3-ACC2-ABF9F08EB886}"
EndProject
Project("{FAE04EC0-301F-11D3-BF4B-00C04F79EFBC}") = "Mirror.Examples", "Mirror.Examples.csproj", "{0F615343-33C3-B64C-9CBF-BEE1A47B1DB6}"
EndProject
Project("{FAE04EC0-301F-11D3-BF4B-00C04F79EFBC}") = "Unity.TextMeshPro", "Unity.TextMeshPro.csproj", "{D961CDD2-78C9-6479-55BD-2D0E76B9894B}"
EndProject
Project("{FAE04EC0-301F-11D3-BF4B-00C04F79EFBC}") = "kcp2k", "kcp2k.csproj", "{B727CA2A-B90B-D9DA-2F41-A8B722FE0169}"
EndProject
Project("{FAE04EC0-301F-11D3-BF4B-00C04F79EFBC}") = "Telepathy", "Telepathy.csproj", "{209F493B-149E-A1E3-4F88-8CEDCEA02B59}"
EndProject
Project("{FAE04EC0-301F-11D3-BF4B-00C04F79EFBC}") = "Assembly-CSharp", "Assembly-CSharp.csproj", "{A8094213-F3DD-DBEC-1473-AAD02DB4944E}"
EndProject
Project("{FAE04EC0-301F-11D3-BF4B-00C04F79EFBC}") = "Mirror.Authenticators", "Mirror.Authenticators.csproj", "{67BE4202-CDD7-2953-47C0-C4E712E8BC68}"
EndProject
Project("{FAE04EC0-301F-11D3-BF4B-00C04F79EFBC}") = "where-allocations", "where-allocations.csproj", "{8AE6613D-A891-1F8A-4377-8FE75134F527}"
EndProject
Project("{FAE04EC0-301F-11D3-BF4B-00C04F79EFBC}") = "UnityEditor.TestRunner", "UnityEditor.TestRunner.csproj", "{E4922BFE-6AD3-0059-889B-6C3C1CE231C7}"
EndProject
Project("{FAE04EC0-301F-11D3-BF4B-00C04F79EFBC}") = "Unity.PlasticSCM.Editor", "Unity.PlasticSCM.Editor.csproj", "{93BC9443-B942-C45E-FE43-596C70AF24C3}"
EndProject
Project("{FAE04EC0-301F-11D3-BF4B-00C04F79EFBC}") = "Unity.Services.Core.Editor", "Unity.Services.Core.Editor.csproj", "{6EA936A9-D276-5E15-F5B5-62DDFA547E46}"
EndProject
Project("{FAE04EC0-301F-11D3-BF4B-00C04F79EFBC}") = "UnityEditor.UI", "UnityEditor.UI.csproj", "{556ABE87-7D23-F27C-4FC0-29DC5005F2D4}"
EndProject
Project("{FAE04EC0-301F-11D3-BF4B-00C04F79EFBC}") = "Unity.VisualStudio.Editor", "Unity.VisualStudio.Editor.csproj", "{664CAA14-9AE4-8638-9DA8-24656A4224F4}"
EndProject
Project("{FAE04EC0-301F-11D3-BF4B-00C04F79EFBC}") = "Unity.Timeline.Editor", "Unity.Timeline.Editor.csproj", "{EF352C32-6A58-84FB-1DA4-CAF3D7D3AB91}"
EndProject
Project("{FAE04EC0-301F-11D3-BF4B-00C04F79EFBC}") = "Unity.TextMeshPro.Editor", "Unity.TextMeshPro.Editor.csproj", "{77DF44DD-C919-0A7B-0BD0-D9DB3FD3C564}"
EndProject
Project("{FAE04EC0-301F-11D3-BF4B-00C04F79EFBC}") = "Unity.CollabProxy.Editor", "Unity.CollabProxy.Editor.csproj", "{CE0BFA3A-022A-2DEF-3472-8DC8E8D2A49C}"
EndProject
Project("{FAE04EC0-301F-11D3-BF4B-00C04F79EFBC}") = "Unity.Mirror.CodeGen", "Unity.Mirror.CodeGen.csproj", "{0CF439A5-CB9D-D9B0-9FCD-3EBEE2E21833}"
EndProject
Project("{FAE04EC0-301F-11D3-BF4B-00C04F79EFBC}") = "ParrelSync", "ParrelSync.csproj", "{C3A69227-2788-ACEA-834C-7FB1249B8BEA}"
EndProject
Project("{FAE04EC0-301F-11D3-BF4B-00C04F79EFBC}") = "Unity.Rider.Editor", "Unity.Rider.Editor.csproj", "{A5D81F3A-87DA-45FF-E00C-EBC9CB1AA56F}"
EndProject
Project("{FAE04EC0-301F-11D3-BF4B-00C04F79EFBC}") = "Mirror.Editor", "Mirror.Editor.csproj", "{1260F5B7-8AEB-7673-5C55-0B44E9FDD659}"
EndProject
Project("{FAE04EC0-301F-11D3-BF4B-00C04F79EFBC}") = "Unity.VSCode.Editor", "Unity.VSCode.Editor.csproj", "{83F07371-2367-AB58-1791-173E6D0CDD44}"
EndProject
Project("{FAE04EC0-301F-11D3-BF4B-00C04F79EFBC}") = "Mirror.CompilerSymbols", "Mirror.CompilerSymbols.csproj", "{0BBEC5F5-FD88-0C40-6B1D-4887D1250736}"
EndProject
Project("{FAE04EC0-301F-11D3-BF4B-00C04F79EFBC}") = "UnityEngine.UI", "UnityEngine.UI.Player.csproj", "{5BF36380-A86C-3D20-7E27-E048191FD5D6}"
EndProject
Project("{FAE04EC0-301F-11D3-BF4B-00C04F79EFBC}") = "Mirror", "Mirror.Player.csproj", "{D3F1A40B-F08B-CA10-1ED6-C6D8C270A8EB}"
EndProject
Project("{FAE04EC0-301F-11D3-BF4B-00C04F79EFBC}") = "UnityEngine.TestRunner", "UnityEngine.TestRunner.Player.csproj", "{21E124CE-417B-5D6E-4A23-097867554C4C}"
EndProject
Project("{FAE04EC0-301F-11D3-BF4B-00C04F79EFBC}") = "Unity.InputSystem", "Unity.InputSystem.Player.csproj", "{7B7F7DCB-B47C-F45F-EB76-CD8A1ECF61DF}"
EndProject
Project("{FAE04EC0-301F-11D3-BF4B-00C04F79EFBC}") = "Mirror.Components", "Mirror.Components.Player.csproj", "{2419D4FA-3398-86E9-C7C8-38DB276C34B9}"
EndProject
Project("{FAE04EC0-301F-11D3-BF4B-00C04F79EFBC}") = "SimpleWebTransport", "SimpleWebTransport.Player.csproj", "{318DFF7E-71F8-75E7-4EC0-D1C96E650E5C}"
EndProject
Project("{FAE04EC0-301F-11D3-BF4B-00C04F79EFBC}") = "Unity.Timeline", "Unity.Timeline.Player.csproj", "{49DE16D8-E084-72B2-3DE8-A255A613BA95}"
EndProject
Project("{FAE04EC0-301F-11D3-BF4B-00C04F79EFBC}") = "Mirror.Examples", "Mirror.Examples.Player.csproj", "{90679B77-BE14-51EA-E49E-BCF00D053987}"
EndProject
Project("{FAE04EC0-301F-11D3-BF4B-00C04F79EFBC}") = "Unity.TextMeshPro", "Unity.TextMeshPro.Player.csproj", "{1E11D587-8C09-9832-BFBA-C256B523C1F2}"
EndProject
Project("{FAE04EC0-301F-11D3-BF4B-00C04F79EFBC}") = "kcp2k", "kcp2k.Player.csproj", "{19B953FE-E136-2108-1E05-25AE96035FB6}"
EndProject
Project("{FAE04EC0-301F-11D3-BF4B-00C04F79EFBC}") = "Telepathy", "Telepathy.Player.csproj", "{2064CD5E-9414-71B0-0EC9-86C69C95F18A}"
EndProject
Project("{FAE04EC0-301F-11D3-BF4B-00C04F79EFBC}") = "Assembly-CSharp", "Assembly-CSharp.Player.csproj", "{5E93C325-9DF0-2B7D-41BA-866B40F6A091}"
EndProject
Project("{FAE04EC0-301F-11D3-BF4B-00C04F79EFBC}") = "Mirror.Authenticators", "Mirror.Authenticators.Player.csproj", "{5E230E24-FCB3-C319-8286-8BE8AEC4991A}"
EndProject
Project("{FAE04EC0-301F-11D3-BF4B-00C04F79EFBC}") = "where-allocations", "where-allocations.Player.csproj", "{C948D227-6F90-0FBF-9D4F-3B4F49C245FC}"
EndProject
Global
	GlobalSection(SolutionConfigurationPlatforms) = preSolution
		Debug|Any CPU = Debug|Any CPU
		Release|Any CPU = Release|Any CPU
	EndGlobalSection
	GlobalSection(ProjectConfigurationPlatforms) = postSolution
		{266891CA-49A0-3CB8-587C-FA4B5CFF7F8B}.Debug|Any CPU.ActiveCfg = Debug|Any CPU
		{266891CA-49A0-3CB8-587C-FA4B5CFF7F8B}.Debug|Any CPU.Build.0 = Debug|Any CPU
		{266891CA-49A0-3CB8-587C-FA4B5CFF7F8B}.Release|Any CPU.ActiveCfg = Release|Any CPU
		{266891CA-49A0-3CB8-587C-FA4B5CFF7F8B}.Release|Any CPU.Build.0 = Release|Any CPU
		{EEA47741-1F32-AAB5-21DE-6D3502D6544D}.Debug|Any CPU.ActiveCfg = Debug|Any CPU
		{EEA47741-1F32-AAB5-21DE-6D3502D6544D}.Debug|Any CPU.Build.0 = Debug|Any CPU
		{EEA47741-1F32-AAB5-21DE-6D3502D6544D}.Release|Any CPU.ActiveCfg = Release|Any CPU
		{EEA47741-1F32-AAB5-21DE-6D3502D6544D}.Release|Any CPU.Build.0 = Release|Any CPU
		{2A4D5531-09BC-A09C-A617-E15BDF8A3BB9}.Debug|Any CPU.ActiveCfg = Debug|Any CPU
		{2A4D5531-09BC-A09C-A617-E15BDF8A3BB9}.Debug|Any CPU.Build.0 = Debug|Any CPU
		{2A4D5531-09BC-A09C-A617-E15BDF8A3BB9}.Release|Any CPU.ActiveCfg = Release|Any CPU
		{2A4D5531-09BC-A09C-A617-E15BDF8A3BB9}.Release|Any CPU.Build.0 = Release|Any CPU
		{83559FDE-23FA-B6B8-0CA0-D5867418DC5B}.Debug|Any CPU.ActiveCfg = Debug|Any CPU
		{83559FDE-23FA-B6B8-0CA0-D5867418DC5B}.Debug|Any CPU.Build.0 = Debug|Any CPU
		{83559FDE-23FA-B6B8-0CA0-D5867418DC5B}.Release|Any CPU.ActiveCfg = Release|Any CPU
		{83559FDE-23FA-B6B8-0CA0-D5867418DC5B}.Release|Any CPU.Build.0 = Release|Any CPU
		{FF92C88E-88FA-0BE2-66CE-387370996111}.Debug|Any CPU.ActiveCfg = Debug|Any CPU
		{FF92C88E-88FA-0BE2-66CE-387370996111}.Debug|Any CPU.Build.0 = Debug|Any CPU
		{FF92C88E-88FA-0BE2-66CE-387370996111}.Release|Any CPU.ActiveCfg = Release|Any CPU
		{FF92C88E-88FA-0BE2-66CE-387370996111}.Release|Any CPU.Build.0 = Release|Any CPU
		{70D0714D-FDAA-FC4B-E6F4-B96A265EF24D}.Debug|Any CPU.ActiveCfg = Debug|Any CPU
		{70D0714D-FDAA-FC4B-E6F4-B96A265EF24D}.Debug|Any CPU.Build.0 = Debug|Any CPU
		{70D0714D-FDAA-FC4B-E6F4-B96A265EF24D}.Release|Any CPU.ActiveCfg = Release|Any CPU
		{70D0714D-FDAA-FC4B-E6F4-B96A265EF24D}.Release|Any CPU.Build.0 = Release|Any CPU
		{7B67C68A-7E97-08A3-ACC2-ABF9F08EB886}.Debug|Any CPU.ActiveCfg = Debug|Any CPU
		{7B67C68A-7E97-08A3-ACC2-ABF9F08EB886}.Debug|Any CPU.Build.0 = Debug|Any CPU
		{7B67C68A-7E97-08A3-ACC2-ABF9F08EB886}.Release|Any CPU.ActiveCfg = Release|Any CPU
		{7B67C68A-7E97-08A3-ACC2-ABF9F08EB886}.Release|Any CPU.Build.0 = Release|Any CPU
		{0F615343-33C3-B64C-9CBF-BEE1A47B1DB6}.Debug|Any CPU.ActiveCfg = Debug|Any CPU
		{0F615343-33C3-B64C-9CBF-BEE1A47B1DB6}.Debug|Any CPU.Build.0 = Debug|Any CPU
		{0F615343-33C3-B64C-9CBF-BEE1A47B1DB6}.Release|Any CPU.ActiveCfg = Release|Any CPU
		{0F615343-33C3-B64C-9CBF-BEE1A47B1DB6}.Release|Any CPU.Build.0 = Release|Any CPU
		{D961CDD2-78C9-6479-55BD-2D0E76B9894B}.Debug|Any CPU.ActiveCfg = Debug|Any CPU
		{D961CDD2-78C9-6479-55BD-2D0E76B9894B}.Debug|Any CPU.Build.0 = Debug|Any CPU
		{D961CDD2-78C9-6479-55BD-2D0E76B9894B}.Release|Any CPU.ActiveCfg = Release|Any CPU
		{D961CDD2-78C9-6479-55BD-2D0E76B9894B}.Release|Any CPU.Build.0 = Release|Any CPU
		{B727CA2A-B90B-D9DA-2F41-A8B722FE0169}.Debug|Any CPU.ActiveCfg = Debug|Any CPU
		{B727CA2A-B90B-D9DA-2F41-A8B722FE0169}.Debug|Any CPU.Build.0 = Debug|Any CPU
		{B727CA2A-B90B-D9DA-2F41-A8B722FE0169}.Release|Any CPU.ActiveCfg = Release|Any CPU
		{B727CA2A-B90B-D9DA-2F41-A8B722FE0169}.Release|Any CPU.Build.0 = Release|Any CPU
		{209F493B-149E-A1E3-4F88-8CEDCEA02B59}.Debug|Any CPU.ActiveCfg = Debug|Any CPU
		{209F493B-149E-A1E3-4F88-8CEDCEA02B59}.Debug|Any CPU.Build.0 = Debug|Any CPU
		{209F493B-149E-A1E3-4F88-8CEDCEA02B59}.Release|Any CPU.ActiveCfg = Release|Any CPU
		{209F493B-149E-A1E3-4F88-8CEDCEA02B59}.Release|Any CPU.Build.0 = Release|Any CPU
		{A8094213-F3DD-DBEC-1473-AAD02DB4944E}.Debug|Any CPU.ActiveCfg = Debug|Any CPU
		{A8094213-F3DD-DBEC-1473-AAD02DB4944E}.Debug|Any CPU.Build.0 = Debug|Any CPU
		{A8094213-F3DD-DBEC-1473-AAD02DB4944E}.Release|Any CPU.ActiveCfg = Release|Any CPU
		{A8094213-F3DD-DBEC-1473-AAD02DB4944E}.Release|Any CPU.Build.0 = Release|Any CPU
		{67BE4202-CDD7-2953-47C0-C4E712E8BC68}.Debug|Any CPU.ActiveCfg = Debug|Any CPU
		{67BE4202-CDD7-2953-47C0-C4E712E8BC68}.Debug|Any CPU.Build.0 = Debug|Any CPU
		{67BE4202-CDD7-2953-47C0-C4E712E8BC68}.Release|Any CPU.ActiveCfg = Release|Any CPU
		{67BE4202-CDD7-2953-47C0-C4E712E8BC68}.Release|Any CPU.Build.0 = Release|Any CPU
		{8AE6613D-A891-1F8A-4377-8FE75134F527}.Debug|Any CPU.ActiveCfg = Debug|Any CPU
		{8AE6613D-A891-1F8A-4377-8FE75134F527}.Debug|Any CPU.Build.0 = Debug|Any CPU
		{8AE6613D-A891-1F8A-4377-8FE75134F527}.Release|Any CPU.ActiveCfg = Release|Any CPU
		{8AE6613D-A891-1F8A-4377-8FE75134F527}.Release|Any CPU.Build.0 = Release|Any CPU
		{E4922BFE-6AD3-0059-889B-6C3C1CE231C7}.Debug|Any CPU.ActiveCfg = Debug|Any CPU
		{E4922BFE-6AD3-0059-889B-6C3C1CE231C7}.Debug|Any CPU.Build.0 = Debug|Any CPU
		{E4922BFE-6AD3-0059-889B-6C3C1CE231C7}.Release|Any CPU.ActiveCfg = Release|Any CPU
		{E4922BFE-6AD3-0059-889B-6C3C1CE231C7}.Release|Any CPU.Build.0 = Release|Any CPU
		{93BC9443-B942-C45E-FE43-596C70AF24C3}.Debug|Any CPU.ActiveCfg = Debug|Any CPU
		{93BC9443-B942-C45E-FE43-596C70AF24C3}.Debug|Any CPU.Build.0 = Debug|Any CPU
		{93BC9443-B942-C45E-FE43-596C70AF24C3}.Release|Any CPU.ActiveCfg = Release|Any CPU
		{93BC9443-B942-C45E-FE43-596C70AF24C3}.Release|Any CPU.Build.0 = Release|Any CPU
		{6EA936A9-D276-5E15-F5B5-62DDFA547E46}.Debug|Any CPU.ActiveCfg = Debug|Any CPU
		{6EA936A9-D276-5E15-F5B5-62DDFA547E46}.Debug|Any CPU.Build.0 = Debug|Any CPU
		{6EA936A9-D276-5E15-F5B5-62DDFA547E46}.Release|Any CPU.ActiveCfg = Release|Any CPU
		{6EA936A9-D276-5E15-F5B5-62DDFA547E46}.Release|Any CPU.Build.0 = Release|Any CPU
		{556ABE87-7D23-F27C-4FC0-29DC5005F2D4}.Debug|Any CPU.ActiveCfg = Debug|Any CPU
		{556ABE87-7D23-F27C-4FC0-29DC5005F2D4}.Debug|Any CPU.Build.0 = Debug|Any CPU
		{556ABE87-7D23-F27C-4FC0-29DC5005F2D4}.Release|Any CPU.ActiveCfg = Release|Any CPU
		{556ABE87-7D23-F27C-4FC0-29DC5005F2D4}.Release|Any CPU.Build.0 = Release|Any CPU
		{664CAA14-9AE4-8638-9DA8-24656A4224F4}.Debug|Any CPU.ActiveCfg = Debug|Any CPU
		{664CAA14-9AE4-8638-9DA8-24656A4224F4}.Debug|Any CPU.Build.0 = Debug|Any CPU
		{664CAA14-9AE4-8638-9DA8-24656A4224F4}.Release|Any CPU.ActiveCfg = Release|Any CPU
		{664CAA14-9AE4-8638-9DA8-24656A4224F4}.Release|Any CPU.Build.0 = Release|Any CPU
		{EF352C32-6A58-84FB-1DA4-CAF3D7D3AB91}.Debug|Any CPU.ActiveCfg = Debug|Any CPU
		{EF352C32-6A58-84FB-1DA4-CAF3D7D3AB91}.Debug|Any CPU.Build.0 = Debug|Any CPU
		{EF352C32-6A58-84FB-1DA4-CAF3D7D3AB91}.Release|Any CPU.ActiveCfg = Release|Any CPU
		{EF352C32-6A58-84FB-1DA4-CAF3D7D3AB91}.Release|Any CPU.Build.0 = Release|Any CPU
		{77DF44DD-C919-0A7B-0BD0-D9DB3FD3C564}.Debug|Any CPU.ActiveCfg = Debug|Any CPU
		{77DF44DD-C919-0A7B-0BD0-D9DB3FD3C564}.Debug|Any CPU.Build.0 = Debug|Any CPU
		{77DF44DD-C919-0A7B-0BD0-D9DB3FD3C564}.Release|Any CPU.ActiveCfg = Release|Any CPU
		{77DF44DD-C919-0A7B-0BD0-D9DB3FD3C564}.Release|Any CPU.Build.0 = Release|Any CPU
		{CE0BFA3A-022A-2DEF-3472-8DC8E8D2A49C}.Debug|Any CPU.ActiveCfg = Debug|Any CPU
		{CE0BFA3A-022A-2DEF-3472-8DC8E8D2A49C}.Debug|Any CPU.Build.0 = Debug|Any CPU
		{CE0BFA3A-022A-2DEF-3472-8DC8E8D2A49C}.Release|Any CPU.ActiveCfg = Release|Any CPU
		{CE0BFA3A-022A-2DEF-3472-8DC8E8D2A49C}.Release|Any CPU.Build.0 = Release|Any CPU
		{0CF439A5-CB9D-D9B0-9FCD-3EBEE2E21833}.Debug|Any CPU.ActiveCfg = Debug|Any CPU
		{0CF439A5-CB9D-D9B0-9FCD-3EBEE2E21833}.Debug|Any CPU.Build.0 = Debug|Any CPU
		{0CF439A5-CB9D-D9B0-9FCD-3EBEE2E21833}.Release|Any CPU.ActiveCfg = Release|Any CPU
		{0CF439A5-CB9D-D9B0-9FCD-3EBEE2E21833}.Release|Any CPU.Build.0 = Release|Any CPU
		{C3A69227-2788-ACEA-834C-7FB1249B8BEA}.Debug|Any CPU.ActiveCfg = Debug|Any CPU
		{C3A69227-2788-ACEA-834C-7FB1249B8BEA}.Debug|Any CPU.Build.0 = Debug|Any CPU
		{C3A69227-2788-ACEA-834C-7FB1249B8BEA}.Release|Any CPU.ActiveCfg = Release|Any CPU
		{C3A69227-2788-ACEA-834C-7FB1249B8BEA}.Release|Any CPU.Build.0 = Release|Any CPU
		{A5D81F3A-87DA-45FF-E00C-EBC9CB1AA56F}.Debug|Any CPU.ActiveCfg = Debug|Any CPU
		{A5D81F3A-87DA-45FF-E00C-EBC9CB1AA56F}.Debug|Any CPU.Build.0 = Debug|Any CPU
		{A5D81F3A-87DA-45FF-E00C-EBC9CB1AA56F}.Release|Any CPU.ActiveCfg = Release|Any CPU
		{A5D81F3A-87DA-45FF-E00C-EBC9CB1AA56F}.Release|Any CPU.Build.0 = Release|Any CPU
		{1260F5B7-8AEB-7673-5C55-0B44E9FDD659}.Debug|Any CPU.ActiveCfg = Debug|Any CPU
		{1260F5B7-8AEB-7673-5C55-0B44E9FDD659}.Debug|Any CPU.Build.0 = Debug|Any CPU
		{1260F5B7-8AEB-7673-5C55-0B44E9FDD659}.Release|Any CPU.ActiveCfg = Release|Any CPU
		{1260F5B7-8AEB-7673-5C55-0B44E9FDD659}.Release|Any CPU.Build.0 = Release|Any CPU
		{83F07371-2367-AB58-1791-173E6D0CDD44}.Debug|Any CPU.ActiveCfg = Debug|Any CPU
		{83F07371-2367-AB58-1791-173E6D0CDD44}.Debug|Any CPU.Build.0 = Debug|Any CPU
		{83F07371-2367-AB58-1791-173E6D0CDD44}.Release|Any CPU.ActiveCfg = Release|Any CPU
		{83F07371-2367-AB58-1791-173E6D0CDD44}.Release|Any CPU.Build.0 = Release|Any CPU
		{0BBEC5F5-FD88-0C40-6B1D-4887D1250736}.Debug|Any CPU.ActiveCfg = Debug|Any CPU
		{0BBEC5F5-FD88-0C40-6B1D-4887D1250736}.Debug|Any CPU.Build.0 = Debug|Any CPU
		{0BBEC5F5-FD88-0C40-6B1D-4887D1250736}.Release|Any CPU.ActiveCfg = Release|Any CPU
		{0BBEC5F5-FD88-0C40-6B1D-4887D1250736}.Release|Any CPU.Build.0 = Release|Any CPU
		{5BF36380-A86C-3D20-7E27-E048191FD5D6}.Debug|Any CPU.ActiveCfg = Debug|Any CPU
		{5BF36380-A86C-3D20-7E27-E048191FD5D6}.Debug|Any CPU.Build.0 = Debug|Any CPU
		{5BF36380-A86C-3D20-7E27-E048191FD5D6}.Release|Any CPU.ActiveCfg = Release|Any CPU
		{5BF36380-A86C-3D20-7E27-E048191FD5D6}.Release|Any CPU.Build.0 = Release|Any CPU
		{D3F1A40B-F08B-CA10-1ED6-C6D8C270A8EB}.Debug|Any CPU.ActiveCfg = Debug|Any CPU
		{D3F1A40B-F08B-CA10-1ED6-C6D8C270A8EB}.Debug|Any CPU.Build.0 = Debug|Any CPU
		{D3F1A40B-F08B-CA10-1ED6-C6D8C270A8EB}.Release|Any CPU.ActiveCfg = Release|Any CPU
		{D3F1A40B-F08B-CA10-1ED6-C6D8C270A8EB}.Release|Any CPU.Build.0 = Release|Any CPU
		{21E124CE-417B-5D6E-4A23-097867554C4C}.Debug|Any CPU.ActiveCfg = Debug|Any CPU
		{21E124CE-417B-5D6E-4A23-097867554C4C}.Debug|Any CPU.Build.0 = Debug|Any CPU
		{21E124CE-417B-5D6E-4A23-097867554C4C}.Release|Any CPU.ActiveCfg = Release|Any CPU
		{21E124CE-417B-5D6E-4A23-097867554C4C}.Release|Any CPU.Build.0 = Release|Any CPU
		{7B7F7DCB-B47C-F45F-EB76-CD8A1ECF61DF}.Debug|Any CPU.ActiveCfg = Debug|Any CPU
		{7B7F7DCB-B47C-F45F-EB76-CD8A1ECF61DF}.Debug|Any CPU.Build.0 = Debug|Any CPU
		{7B7F7DCB-B47C-F45F-EB76-CD8A1ECF61DF}.Release|Any CPU.ActiveCfg = Release|Any CPU
		{7B7F7DCB-B47C-F45F-EB76-CD8A1ECF61DF}.Release|Any CPU.Build.0 = Release|Any CPU
		{2419D4FA-3398-86E9-C7C8-38DB276C34B9}.Debug|Any CPU.ActiveCfg = Debug|Any CPU
		{2419D4FA-3398-86E9-C7C8-38DB276C34B9}.Debug|Any CPU.Build.0 = Debug|Any CPU
		{2419D4FA-3398-86E9-C7C8-38DB276C34B9}.Release|Any CPU.ActiveCfg = Release|Any CPU
		{2419D4FA-3398-86E9-C7C8-38DB276C34B9}.Release|Any CPU.Build.0 = Release|Any CPU
		{318DFF7E-71F8-75E7-4EC0-D1C96E650E5C}.Debug|Any CPU.ActiveCfg = Debug|Any CPU
		{318DFF7E-71F8-75E7-4EC0-D1C96E650E5C}.Debug|Any CPU.Build.0 = Debug|Any CPU
		{318DFF7E-71F8-75E7-4EC0-D1C96E650E5C}.Release|Any CPU.ActiveCfg = Release|Any CPU
		{318DFF7E-71F8-75E7-4EC0-D1C96E650E5C}.Release|Any CPU.Build.0 = Release|Any CPU
		{49DE16D8-E084-72B2-3DE8-A255A613BA95}.Debug|Any CPU.ActiveCfg = Debug|Any CPU
		{49DE16D8-E084-72B2-3DE8-A255A613BA95}.Debug|Any CPU.Build.0 = Debug|Any CPU
		{49DE16D8-E084-72B2-3DE8-A255A613BA95}.Release|Any CPU.ActiveCfg = Release|Any CPU
		{49DE16D8-E084-72B2-3DE8-A255A613BA95}.Release|Any CPU.Build.0 = Release|Any CPU
		{90679B77-BE14-51EA-E49E-BCF00D053987}.Debug|Any CPU.ActiveCfg = Debug|Any CPU
		{90679B77-BE14-51EA-E49E-BCF00D053987}.Debug|Any CPU.Build.0 = Debug|Any CPU
		{90679B77-BE14-51EA-E49E-BCF00D053987}.Release|Any CPU.ActiveCfg = Release|Any CPU
		{90679B77-BE14-51EA-E49E-BCF00D053987}.Release|Any CPU.Build.0 = Release|Any CPU
		{1E11D587-8C09-9832-BFBA-C256B523C1F2}.Debug|Any CPU.ActiveCfg = Debug|Any CPU
		{1E11D587-8C09-9832-BFBA-C256B523C1F2}.Debug|Any CPU.Build.0 = Debug|Any CPU
		{1E11D587-8C09-9832-BFBA-C256B523C1F2}.Release|Any CPU.ActiveCfg = Release|Any CPU
		{1E11D587-8C09-9832-BFBA-C256B523C1F2}.Release|Any CPU.Build.0 = Release|Any CPU
		{19B953FE-E136-2108-1E05-25AE96035FB6}.Debug|Any CPU.ActiveCfg = Debug|Any CPU
		{19B953FE-E136-2108-1E05-25AE96035FB6}.Debug|Any CPU.Build.0 = Debug|Any CPU
		{19B953FE-E136-2108-1E05-25AE96035FB6}.Release|Any CPU.ActiveCfg = Release|Any CPU
		{19B953FE-E136-2108-1E05-25AE96035FB6}.Release|Any CPU.Build.0 = Release|Any CPU
		{2064CD5E-9414-71B0-0EC9-86C69C95F18A}.Debug|Any CPU.ActiveCfg = Debug|Any CPU
		{2064CD5E-9414-71B0-0EC9-86C69C95F18A}.Debug|Any CPU.Build.0 = Debug|Any CPU
		{2064CD5E-9414-71B0-0EC9-86C69C95F18A}.Release|Any CPU.ActiveCfg = Release|Any CPU
		{2064CD5E-9414-71B0-0EC9-86C69C95F18A}.Release|Any CPU.Build.0 = Release|Any CPU
		{5E93C325-9DF0-2B7D-41BA-866B40F6A091}.Debug|Any CPU.ActiveCfg = Debug|Any CPU
		{5E93C325-9DF0-2B7D-41BA-866B40F6A091}.Debug|Any CPU.Build.0 = Debug|Any CPU
		{5E93C325-9DF0-2B7D-41BA-866B40F6A091}.Release|Any CPU.ActiveCfg = Release|Any CPU
		{5E93C325-9DF0-2B7D-41BA-866B40F6A091}.Release|Any CPU.Build.0 = Release|Any CPU
		{5E230E24-FCB3-C319-8286-8BE8AEC4991A}.Debug|Any CPU.ActiveCfg = Debug|Any CPU
		{5E230E24-FCB3-C319-8286-8BE8AEC4991A}.Debug|Any CPU.Build.0 = Debug|Any CPU
		{5E230E24-FCB3-C319-8286-8BE8AEC4991A}.Release|Any CPU.ActiveCfg = Release|Any CPU
		{5E230E24-FCB3-C319-8286-8BE8AEC4991A}.Release|Any CPU.Build.0 = Release|Any CPU
		{C948D227-6F90-0FBF-9D4F-3B4F49C245FC}.Debug|Any CPU.ActiveCfg = Debug|Any CPU
		{C948D227-6F90-0FBF-9D4F-3B4F49C245FC}.Debug|Any CPU.Build.0 = Debug|Any CPU
		{C948D227-6F90-0FBF-9D4F-3B4F49C245FC}.Release|Any CPU.ActiveCfg = Release|Any CPU
		{C948D227-6F90-0FBF-9D4F-3B4F49C245FC}.Release|Any CPU.Build.0 = Release|Any CPU
	EndGlobalSection
	GlobalSection(SolutionProperties) = preSolution
		HideSolutionNode = FALSE
	EndGlobalSection
EndGlobal
